
Microsoft Visual Studio Solution File, Format Version 12.00
# Visual Studio Version 16
VisualStudioVersion = 16.0.29509.3
MinimumVisualStudioVersion = 10.0.40219.1
Project("{6EC3EE1D-3C4E-46DD-8F32-0CC8E7565705}") = "folaris", "folaris\folaris.fsproj", "{FF6B9F0C-2E9C-4EDA-BAF9-2CA6A44E1F3E}"
EndProject
Project("{6EC3EE1D-3C4E-46DD-8F32-0CC8E7565705}") = "RestTest", "folaris-test\RestTest.fsproj", "{EF8C8BEE-4060-4F22-951F-77F961589690}"
EndProject
Global
	GlobalSection(SolutionConfigurationPlatforms) = preSolution
		Debug|Any CPU = Debug|Any CPU
		Release|Any CPU = Release|Any CPU
	EndGlobalSection
	GlobalSection(ProjectConfigurationPlatforms) = postSolution
		{FF6B9F0C-2E9C-4EDA-BAF9-2CA6A44E1F3E}.Debug|Any CPU.ActiveCfg = Debug|Any CPU
		{FF6B9F0C-2E9C-4EDA-BAF9-2CA6A44E1F3E}.Debug|Any CPU.Build.0 = Debug|Any CPU
		{FF6B9F0C-2E9C-4EDA-BAF9-2CA6A44E1F3E}.Release|Any CPU.ActiveCfg = Release|Any CPU
		{FF6B9F0C-2E9C-4EDA-BAF9-2CA6A44E1F3E}.Release|Any CPU.Build.0 = Release|Any CPU
		{EF8C8BEE-4060-4F22-951F-77F961589690}.Debug|Any CPU.ActiveCfg = Debug|Any CPU
		{EF8C8BEE-4060-4F22-951F-77F961589690}.Debug|Any CPU.Build.0 = Debug|Any CPU
		{EF8C8BEE-4060-4F22-951F-77F961589690}.Release|Any CPU.ActiveCfg = Release|Any CPU
		{EF8C8BEE-4060-4F22-951F-77F961589690}.Release|Any CPU.Build.0 = Release|Any CPU
	EndGlobalSection
	GlobalSection(SolutionProperties) = preSolution
		HideSolutionNode = FALSE
	EndGlobalSection
	GlobalSection(ExtensibilityGlobals) = postSolution
		SolutionGuid = {20459E28-E13C-4B81-B9AE-33828F120BC5}
	EndGlobalSection
EndGlobal
